
Microsoft Visual Studio Solution File, Format Version 12.00
# Visual Studio Version 16
VisualStudioVersion = 16.0.29209.62
MinimumVisualStudioVersion = 10.0.40219.1
Project("{888888A0-9F3D-457C-B088-3A5042F75D52}") = "StackDanQueues", "StackDanQueues.pyproj", "{5CB092E2-1524-4E9F-875A-5564B5A2B9BB}"
EndProject
Global
	GlobalSection(SolutionConfigurationPlatforms) = preSolution
		Debug|Any CPU = Debug|Any CPU
		Release|Any CPU = Release|Any CPU
	EndGlobalSection
	GlobalSection(ProjectConfigurationPlatforms) = postSolution
		{5CB092E2-1524-4E9F-875A-5564B5A2B9BB}.Debug|Any CPU.ActiveCfg = Debug|Any CPU
		{5CB092E2-1524-4E9F-875A-5564B5A2B9BB}.Release|Any CPU.ActiveCfg = Release|Any CPU
	EndGlobalSection
	GlobalSection(SolutionProperties) = preSolution
		HideSolutionNode = FALSE
	EndGlobalSection
	GlobalSection(ExtensibilityGlobals) = postSolution
		SolutionGuid = {2A1EA414-23D8-4BCE-A588-9CF96ADE5A0E}
	EndGlobalSection
EndGlobal
